
Microsoft Visual Studio Solution File, Format Version 12.00
# Visual Studio Version 16
VisualStudioVersion = 16.0.32002.261
MinimumVisualStudioVersion = 10.0.40219.1
Project("{9A19103F-16F7-4668-BE54-9A1E7A4F7556}") = "DsmSuite.Viewer.View", "DsmSuite.DsmViewer.View\DsmSuite.Viewer.View.csproj", "{8D0EDF6B-0A5D-4889-9781-A849DDB6E932}"
EndProject
Project("{9A19103F-16F7-4668-BE54-9A1E7A4F7556}") = "DsmSuite.DsmViewer.ViewModel", "DsmSuite.DsmViewer.ViewModel\DsmSuite.DsmViewer.ViewModel.csproj", "{1A2CB38B-E525-4382-AC29-A661ACB6238A}"
EndProject
Project("{FAE04EC0-301F-11D3-BF4B-00C04F79EFBC}") = "DsmSuite.Analyzer.Compare", "DsmSuite.Analyzer.Compare\DsmSuite.Analyzer.Compare.csproj", "{B4B6742B-3AAE-436D-A2C7-456B42F3C50E}"
EndProject
Project("{FAE04EC0-301F-11D3-BF4B-00C04F79EFBC}") = "DsmSuite.Analyzer.Cpp", "DsmSuite.Analyzer.Cpp\DsmSuite.Analyzer.Cpp.csproj", "{F2A47BFA-A325-42ED-A0E0-BEFF524DB455}"
EndProject
Project("{FAE04EC0-301F-11D3-BF4B-00C04F79EFBC}") = "DsmSuite.Analyzer.DotNet", "DsmSuite.Analyzer.DotNet\DsmSuite.Analyzer.DotNet.csproj", "{F95859B8-846D-4803-9E5D-4AE5D01BED4E}"
EndProject
Project("{FAE04EC0-301F-11D3-BF4B-00C04F79EFBC}") = "DsmSuite.Analyzer.Jdeps", "DsmSuite.Analyzer.Jdeps\DsmSuite.Analyzer.Jdeps.csproj", "{EA6E13C4-2F44-48B9-BDB6-ECD4232E16EE}"
EndProject
Project("{FAE04EC0-301F-11D3-BF4B-00C04F79EFBC}") = "DsmSuite.Analyzer.Model", "DsmSuite.Analyzer.Model\DsmSuite.Analyzer.Model.csproj", "{EB51BC67-1236-4D91-933F-5B082E1971C3}"
EndProject
Project("{FAE04EC0-301F-11D3-BF4B-00C04F79EFBC}") = "DsmSuite.Common.Model", "DsmSuite.Common.Model\DsmSuite.Common.Model.csproj", "{D6CEAA2B-47CC-4E05-AE3D-94A8A34E0E85}"
EndProject
Project("{FAE04EC0-301F-11D3-BF4B-00C04F79EFBC}") = "DsmSuite.Common.Util", "DsmSuite.Common.Util\DsmSuite.Common.Util.csproj", "{C3D06F12-70A9-40DC-A7E9-5A8D14863E1F}"
EndProject
Project("{FAE04EC0-301F-11D3-BF4B-00C04F79EFBC}") = "DsmSuite.DsmViewer.Application", "DsmSuite.DsmViewer.Application\DsmSuite.DsmViewer.Application.csproj", "{7EC33AA4-5D34-4478-A9A4-54DB254638A9}"
EndProject
Project("{FAE04EC0-301F-11D3-BF4B-00C04F79EFBC}") = "DsmSuite.DsmViewer.Model", "DsmSuite.DsmViewer.Model\DsmSuite.DsmViewer.Model.csproj", "{A4F4B71D-9ABD-4261-8FD2-92C0A3CEADB3}"
EndProject
Project("{2150E333-8FDC-42A3-9474-1A3956D46DE8}") = "Analyzers", "Analyzers", "{3DFA8F17-9E46-4C8D-8894-8D93ABB755CA}"
EndProject
Project("{2150E333-8FDC-42A3-9474-1A3956D46DE8}") = "Common", "Common", "{E2AFBDFF-5306-40AF-9E49-0F6FBFE1BB75}"
EndProject
Project("{2150E333-8FDC-42A3-9474-1A3956D46DE8}") = "Viewer", "Viewer", "{240F75C4-4496-44F4-A948-BF0DBA9E018C}"
EndProject
Project("{FAE04EC0-301F-11D3-BF4B-00C04F79EFBC}") = "DsmSuite.Analyzer.Compare.Test", "DsmSuite.Analyzer.Compare.Test\DsmSuite.Analyzer.Compare.Test.csproj", "{B828D7B9-A8E8-4578-9B49-60747542775C}"
EndProject
Project("{FAE04EC0-301F-11D3-BF4B-00C04F79EFBC}") = "DsmSuite.Analyzer.Cpp.Test", "DsmSuite.Analyzer.Cpp.Test\DsmSuite.Analyzer.Cpp.Test.csproj", "{13B32AB3-EBB9-497E-9012-AB5DC857C948}"
EndProject
Project("{FAE04EC0-301F-11D3-BF4B-00C04F79EFBC}") = "DsmSuite.Analyzer.DotNet.Test", "DsmSuite.Analyzer.DotNet.Test\DsmSuite.Analyzer.DotNet.Test.csproj", "{E608F2D6-297C-45FA-B37B-82DD4B627BED}"
EndProject
Project("{FAE04EC0-301F-11D3-BF4B-00C04F79EFBC}") = "DsmSuite.Analyzer.Jdeps.Test", "DsmSuite.Analyzer.Jdeps.Test\DsmSuite.Analyzer.Jdeps.Test.csproj", "{E2BEA03E-BCF8-450A-8788-104304CFBCC0}"
EndProject
Project("{FAE04EC0-301F-11D3-BF4B-00C04F79EFBC}") = "DsmSuite.Analyzer.Model.Test", "DsmSuite.Analyzer.Model.Test\DsmSuite.Analyzer.Model.Test.csproj", "{44B0DA5E-E3DA-4534-90A2-A5A8E48489C1}"
EndProject
Project("{FAE04EC0-301F-11D3-BF4B-00C04F79EFBC}") = "DsmSuite.Common.Model.Test", "DsmSuite.Common.Model.Test\DsmSuite.Common.Model.Test.csproj", "{E931A006-C9A4-4A34-8FD3-27F6EEDB8480}"
EndProject
Project("{FAE04EC0-301F-11D3-BF4B-00C04F79EFBC}") = "DsmSuite.Common.Util.Test", "DsmSuite.Common.Util.Test\DsmSuite.Common.Util.Test.csproj", "{2981DFD4-DBB0-4541-8DFF-A1DC92A1F20A}"
EndProject
Project("{FAE04EC0-301F-11D3-BF4B-00C04F79EFBC}") = "DsmSuite.DsmViewer.Application.Test", "DsmSuite.DsmViewer.Application.Test\DsmSuite.DsmViewer.Application.Test.csproj", "{9543BA4A-D3AC-4BD4-96A1-C0B66C53D1BF}"
EndProject
Project("{FAE04EC0-301F-11D3-BF4B-00C04F79EFBC}") = "DsmSuite.DsmViewer.Model.Test", "DsmSuite.DsmViewer.Model.Test\DsmSuite.DsmViewer.Model.Test.csproj", "{F3BAD331-11BC-4928-9CE4-8D20707B06A0}"
EndProject
Project("{FAE04EC0-301F-11D3-BF4B-00C04F79EFBC}") = "DsmSuite.DsmViewer.ViewModel.Test", "DsmSuite.DsmViewer.ViewModel.Test\DsmSuite.DsmViewer.ViewModel.Test.csproj", "{D32635FB-F248-429C-9B70-644EB8FA0786}"
EndProject
Project("{FAE04EC0-301F-11D3-BF4B-00C04F79EFBC}") = "DsmSuite.Analyzer.DotNet.Test.Data", "DsmSuite.Analyzer.DotNet.Test.Data\DsmSuite.Analyzer.DotNet.Test.Data.csproj", "{1B6B52C1-2FA0-4A97-AC5F-479F1CD3A4AA}"
EndProject
Global
	GlobalSection(SolutionConfigurationPlatforms) = preSolution
		Debug|Any CPU = Debug|Any CPU
		Release|Any CPU = Release|Any CPU
	EndGlobalSection
	GlobalSection(ProjectConfigurationPlatforms) = postSolution
		{8D0EDF6B-0A5D-4889-9781-A849DDB6E932}.Debug|Any CPU.ActiveCfg = Debug|Any CPU
		{8D0EDF6B-0A5D-4889-9781-A849DDB6E932}.Debug|Any CPU.Build.0 = Debug|Any CPU
		{8D0EDF6B-0A5D-4889-9781-A849DDB6E932}.Release|Any CPU.ActiveCfg = Release|Any CPU
		{8D0EDF6B-0A5D-4889-9781-A849DDB6E932}.Release|Any CPU.Build.0 = Release|Any CPU
		{1A2CB38B-E525-4382-AC29-A661ACB6238A}.Debug|Any CPU.ActiveCfg = Debug|Any CPU
		{1A2CB38B-E525-4382-AC29-A661ACB6238A}.Debug|Any CPU.Build.0 = Debug|Any CPU
		{1A2CB38B-E525-4382-AC29-A661ACB6238A}.Release|Any CPU.ActiveCfg = Release|Any CPU
		{1A2CB38B-E525-4382-AC29-A661ACB6238A}.Release|Any CPU.Build.0 = Release|Any CPU
		{B4B6742B-3AAE-436D-A2C7-456B42F3C50E}.Debug|Any CPU.ActiveCfg = Debug|Any CPU
		{B4B6742B-3AAE-436D-A2C7-456B42F3C50E}.Debug|Any CPU.Build.0 = Debug|Any CPU
		{B4B6742B-3AAE-436D-A2C7-456B42F3C50E}.Release|Any CPU.ActiveCfg = Release|Any CPU
		{B4B6742B-3AAE-436D-A2C7-456B42F3C50E}.Release|Any CPU.Build.0 = Release|Any CPU
		{F2A47BFA-A325-42ED-A0E0-BEFF524DB455}.Debug|Any CPU.ActiveCfg = Debug|Any CPU
		{F2A47BFA-A325-42ED-A0E0-BEFF524DB455}.Debug|Any CPU.Build.0 = Debug|Any CPU
		{F2A47BFA-A325-42ED-A0E0-BEFF524DB455}.Release|Any CPU.ActiveCfg = Release|Any CPU
		{F2A47BFA-A325-42ED-A0E0-BEFF524DB455}.Release|Any CPU.Build.0 = Release|Any CPU
		{F95859B8-846D-4803-9E5D-4AE5D01BED4E}.Debug|Any CPU.ActiveCfg = Debug|Any CPU
		{F95859B8-846D-4803-9E5D-4AE5D01BED4E}.Debug|Any CPU.Build.0 = Debug|Any CPU
		{F95859B8-846D-4803-9E5D-4AE5D01BED4E}.Release|Any CPU.ActiveCfg = Release|Any CPU
		{F95859B8-846D-4803-9E5D-4AE5D01BED4E}.Release|Any CPU.Build.0 = Release|Any CPU
		{EA6E13C4-2F44-48B9-BDB6-ECD4232E16EE}.Debug|Any CPU.ActiveCfg = Debug|Any CPU
		{EA6E13C4-2F44-48B9-BDB6-ECD4232E16EE}.Debug|Any CPU.Build.0 = Debug|Any CPU
		{EA6E13C4-2F44-48B9-BDB6-ECD4232E16EE}.Release|Any CPU.ActiveCfg = Release|Any CPU
		{EA6E13C4-2F44-48B9-BDB6-ECD4232E16EE}.Release|Any CPU.Build.0 = Release|Any CPU
		{EB51BC67-1236-4D91-933F-5B082E1971C3}.Debug|Any CPU.ActiveCfg = Debug|Any CPU
		{EB51BC67-1236-4D91-933F-5B082E1971C3}.Debug|Any CPU.Build.0 = Debug|Any CPU
		{EB51BC67-1236-4D91-933F-5B082E1971C3}.Release|Any CPU.ActiveCfg = Release|Any CPU
		{EB51BC67-1236-4D91-933F-5B082E1971C3}.Release|Any CPU.Build.0 = Release|Any CPU
		{D6CEAA2B-47CC-4E05-AE3D-94A8A34E0E85}.Debug|Any CPU.ActiveCfg = Debug|Any CPU
		{D6CEAA2B-47CC-4E05-AE3D-94A8A34E0E85}.Debug|Any CPU.Build.0 = Debug|Any CPU
		{D6CEAA2B-47CC-4E05-AE3D-94A8A34E0E85}.Release|Any CPU.ActiveCfg = Release|Any CPU
		{D6CEAA2B-47CC-4E05-AE3D-94A8A34E0E85}.Release|Any CPU.Build.0 = Release|Any CPU
		{C3D06F12-70A9-40DC-A7E9-5A8D14863E1F}.Debug|Any CPU.ActiveCfg = Debug|Any CPU
		{C3D06F12-70A9-40DC-A7E9-5A8D14863E1F}.Debug|Any CPU.Build.0 = Debug|Any CPU
		{C3D06F12-70A9-40DC-A7E9-5A8D14863E1F}.Release|Any CPU.ActiveCfg = Release|Any CPU
		{C3D06F12-70A9-40DC-A7E9-5A8D14863E1F}.Release|Any CPU.Build.0 = Release|Any CPU
		{7EC33AA4-5D34-4478-A9A4-54DB254638A9}.Debug|Any CPU.ActiveCfg = Debug|Any CPU
		{7EC33AA4-5D34-4478-A9A4-54DB254638A9}.Debug|Any CPU.Build.0 = Debug|Any CPU
		{7EC33AA4-5D34-4478-A9A4-54DB254638A9}.Release|Any CPU.ActiveCfg = Release|Any CPU
		{7EC33AA4-5D34-4478-A9A4-54DB254638A9}.Release|Any CPU.Build.0 = Release|Any CPU
		{A4F4B71D-9ABD-4261-8FD2-92C0A3CEADB3}.Debug|Any CPU.ActiveCfg = Debug|Any CPU
		{A4F4B71D-9ABD-4261-8FD2-92C0A3CEADB3}.Debug|Any CPU.Build.0 = Debug|Any CPU
		{A4F4B71D-9ABD-4261-8FD2-92C0A3CEADB3}.Release|Any CPU.ActiveCfg = Release|Any CPU
		{A4F4B71D-9ABD-4261-8FD2-92C0A3CEADB3}.Release|Any CPU.Build.0 = Release|Any CPU
		{B828D7B9-A8E8-4578-9B49-60747542775C}.Debug|Any CPU.ActiveCfg = Debug|Any CPU
		{B828D7B9-A8E8-4578-9B49-60747542775C}.Debug|Any CPU.Build.0 = Debug|Any CPU
		{B828D7B9-A8E8-4578-9B49-60747542775C}.Release|Any CPU.ActiveCfg = Release|Any CPU
		{B828D7B9-A8E8-4578-9B49-60747542775C}.Release|Any CPU.Build.0 = Release|Any CPU
		{13B32AB3-EBB9-497E-9012-AB5DC857C948}.Debug|Any CPU.ActiveCfg = Debug|Any CPU
		{13B32AB3-EBB9-497E-9012-AB5DC857C948}.Debug|Any CPU.Build.0 = Debug|Any CPU
		{13B32AB3-EBB9-497E-9012-AB5DC857C948}.Release|Any CPU.ActiveCfg = Release|Any CPU
		{13B32AB3-EBB9-497E-9012-AB5DC857C948}.Release|Any CPU.Build.0 = Release|Any CPU
		{E608F2D6-297C-45FA-B37B-82DD4B627BED}.Debug|Any CPU.ActiveCfg = Debug|Any CPU
		{E608F2D6-297C-45FA-B37B-82DD4B627BED}.Debug|Any CPU.Build.0 = Debug|Any CPU
		{E608F2D6-297C-45FA-B37B-82DD4B627BED}.Release|Any CPU.ActiveCfg = Release|Any CPU
		{E608F2D6-297C-45FA-B37B-82DD4B627BED}.Release|Any CPU.Build.0 = Release|Any CPU
		{E2BEA03E-BCF8-450A-8788-104304CFBCC0}.Debug|Any CPU.ActiveCfg = Debug|Any CPU
		{E2BEA03E-BCF8-450A-8788-104304CFBCC0}.Debug|Any CPU.Build.0 = Debug|Any CPU
		{E2BEA03E-BCF8-450A-8788-104304CFBCC0}.Release|Any CPU.ActiveCfg = Release|Any CPU
		{E2BEA03E-BCF8-450A-8788-104304CFBCC0}.Release|Any CPU.Build.0 = Release|Any CPU
		{44B0DA5E-E3DA-4534-90A2-A5A8E48489C1}.Debug|Any CPU.ActiveCfg = Debug|Any CPU
		{44B0DA5E-E3DA-4534-90A2-A5A8E48489C1}.Debug|Any CPU.Build.0 = Debug|Any CPU
		{44B0DA5E-E3DA-4534-90A2-A5A8E48489C1}.Release|Any CPU.ActiveCfg = Release|Any CPU
		{44B0DA5E-E3DA-4534-90A2-A5A8E48489C1}.Release|Any CPU.Build.0 = Release|Any CPU
		{E931A006-C9A4-4A34-8FD3-27F6EEDB8480}.Debug|Any CPU.ActiveCfg = Debug|Any CPU
		{E931A006-C9A4-4A34-8FD3-27F6EEDB8480}.Debug|Any CPU.Build.0 = Debug|Any CPU
		{E931A006-C9A4-4A34-8FD3-27F6EEDB8480}.Release|Any CPU.ActiveCfg = Release|Any CPU
		{E931A006-C9A4-4A34-8FD3-27F6EEDB8480}.Release|Any CPU.Build.0 = Release|Any CPU
		{2981DFD4-DBB0-4541-8DFF-A1DC92A1F20A}.Debug|Any CPU.ActiveCfg = Debug|Any CPU
		{2981DFD4-DBB0-4541-8DFF-A1DC92A1F20A}.Debug|Any CPU.Build.0 = Debug|Any CPU
		{2981DFD4-DBB0-4541-8DFF-A1DC92A1F20A}.Release|Any CPU.ActiveCfg = Release|Any CPU
		{2981DFD4-DBB0-4541-8DFF-A1DC92A1F20A}.Release|Any CPU.Build.0 = Release|Any CPU
		{9543BA4A-D3AC-4BD4-96A1-C0B66C53D1BF}.Debug|Any CPU.ActiveCfg = Debug|Any CPU
		{9543BA4A-D3AC-4BD4-96A1-C0B66C53D1BF}.Debug|Any CPU.Build.0 = Debug|Any CPU
		{9543BA4A-D3AC-4BD4-96A1-C0B66C53D1BF}.Release|Any CPU.ActiveCfg = Release|Any CPU
		{9543BA4A-D3AC-4BD4-96A1-C0B66C53D1BF}.Release|Any CPU.Build.0 = Release|Any CPU
		{F3BAD331-11BC-4928-9CE4-8D20707B06A0}.Debug|Any CPU.ActiveCfg = Debug|Any CPU
		{F3BAD331-11BC-4928-9CE4-8D20707B06A0}.Debug|Any CPU.Build.0 = Debug|Any CPU
		{F3BAD331-11BC-4928-9CE4-8D20707B06A0}.Release|Any CPU.ActiveCfg = Release|Any CPU
		{F3BAD331-11BC-4928-9CE4-8D20707B06A0}.Release|Any CPU.Build.0 = Release|Any CPU
		{D32635FB-F248-429C-9B70-644EB8FA0786}.Debug|Any CPU.ActiveCfg = Debug|Any CPU
		{D32635FB-F248-429C-9B70-644EB8FA0786}.Debug|Any CPU.Build.0 = Debug|Any CPU
		{D32635FB-F248-429C-9B70-644EB8FA0786}.Release|Any CPU.ActiveCfg = Release|Any CPU
		{D32635FB-F248-429C-9B70-644EB8FA0786}.Release|Any CPU.Build.0 = Release|Any CPU
		{1B6B52C1-2FA0-4A97-AC5F-479F1CD3A4AA}.Debug|Any CPU.ActiveCfg = Debug|Any CPU
		{1B6B52C1-2FA0-4A97-AC5F-479F1CD3A4AA}.Debug|Any CPU.Build.0 = Debug|Any CPU
		{1B6B52C1-2FA0-4A97-AC5F-479F1CD3A4AA}.Release|Any CPU.ActiveCfg = Release|Any CPU
		{1B6B52C1-2FA0-4A97-AC5F-479F1CD3A4AA}.Release|Any CPU.Build.0 = Release|Any CPU
	EndGlobalSection
	GlobalSection(SolutionProperties) = preSolution
		HideSolutionNode = FALSE
	EndGlobalSection
	GlobalSection(NestedProjects) = preSolution
		{8D0EDF6B-0A5D-4889-9781-A849DDB6E932} = {240F75C4-4496-44F4-A948-BF0DBA9E018C}
		{1A2CB38B-E525-4382-AC29-A661ACB6238A} = {240F75C4-4496-44F4-A948-BF0DBA9E018C}
		{B4B6742B-3AAE-436D-A2C7-456B42F3C50E} = {3DFA8F17-9E46-4C8D-8894-8D93ABB755CA}
		{F2A47BFA-A325-42ED-A0E0-BEFF524DB455} = {3DFA8F17-9E46-4C8D-8894-8D93ABB755CA}
		{F95859B8-846D-4803-9E5D-4AE5D01BED4E} = {3DFA8F17-9E46-4C8D-8894-8D93ABB755CA}
		{EA6E13C4-2F44-48B9-BDB6-ECD4232E16EE} = {3DFA8F17-9E46-4C8D-8894-8D93ABB755CA}
		{EB51BC67-1236-4D91-933F-5B082E1971C3} = {3DFA8F17-9E46-4C8D-8894-8D93ABB755CA}
		{D6CEAA2B-47CC-4E05-AE3D-94A8A34E0E85} = {E2AFBDFF-5306-40AF-9E49-0F6FBFE1BB75}
		{C3D06F12-70A9-40DC-A7E9-5A8D14863E1F} = {E2AFBDFF-5306-40AF-9E49-0F6FBFE1BB75}
		{7EC33AA4-5D34-4478-A9A4-54DB254638A9} = {240F75C4-4496-44F4-A948-BF0DBA9E018C}
		{A4F4B71D-9ABD-4261-8FD2-92C0A3CEADB3} = {240F75C4-4496-44F4-A948-BF0DBA9E018C}
		{B828D7B9-A8E8-4578-9B49-60747542775C} = {3DFA8F17-9E46-4C8D-8894-8D93ABB755CA}
		{13B32AB3-EBB9-497E-9012-AB5DC857C948} = {3DFA8F17-9E46-4C8D-8894-8D93ABB755CA}
		{E608F2D6-297C-45FA-B37B-82DD4B627BED} = {3DFA8F17-9E46-4C8D-8894-8D93ABB755CA}
		{E2BEA03E-BCF8-450A-8788-104304CFBCC0} = {3DFA8F17-9E46-4C8D-8894-8D93ABB755CA}
		{44B0DA5E-E3DA-4534-90A2-A5A8E48489C1} = {3DFA8F17-9E46-4C8D-8894-8D93ABB755CA}
		{E931A006-C9A4-4A34-8FD3-27F6EEDB8480} = {E2AFBDFF-5306-40AF-9E49-0F6FBFE1BB75}
		{2981DFD4-DBB0-4541-8DFF-A1DC92A1F20A} = {E2AFBDFF-5306-40AF-9E49-0F6FBFE1BB75}
		{9543BA4A-D3AC-4BD4-96A1-C0B66C53D1BF} = {240F75C4-4496-44F4-A948-BF0DBA9E018C}
		{F3BAD331-11BC-4928-9CE4-8D20707B06A0} = {240F75C4-4496-44F4-A948-BF0DBA9E018C}
		{D32635FB-F248-429C-9B70-644EB8FA0786} = {240F75C4-4496-44F4-A948-BF0DBA9E018C}
		{1B6B52C1-2FA0-4A97-AC5F-479F1CD3A4AA} = {3DFA8F17-9E46-4C8D-8894-8D93ABB755CA}
	EndGlobalSection
	GlobalSection(ExtensibilityGlobals) = postSolution
		SolutionGuid = {4FD99A8B-8584-4111-8F79-3DBF426D138A}
	EndGlobalSection
EndGlobal
